
Microsoft Visual Studio Solution File, Format Version 12.00
# Visual Studio Version 17
VisualStudioVersion = 17.8.34601.278
MinimumVisualStudioVersion = 10.0.40219.1
Project("{2150E333-8FDC-42A3-9474-1A3956D46DE8}") = "Solution Items", "Solution Items", "{D2CF267A-185B-4F5A-983C-F7BD2852C33F}"
	ProjectSection(SolutionItems) = preProject
		.gitignore = .gitignore
		LICENSE = LICENSE
		README.md = README.md
	EndProjectSection
EndProject
Project("{FAE04EC0-301F-11D3-BF4B-00C04F79EFBC}") = "SitefinityWebApp", "SitefinityWebApp\SitefinityWebApp.csproj", "{AC80E6C0-2B1D-4431-8B47-96F313A53207}"
EndProject
Project("{FAE04EC0-301F-11D3-BF4B-00C04F79EFBC}") = "Renderer", "Renderer\Renderer.csproj", "{2180B04E-F038-4475-84FA-AD5FA484BE5A}"
EndProject
Global
	GlobalSection(SolutionConfigurationPlatforms) = preSolution
		Debug|Any CPU = Debug|Any CPU
		Release|Any CPU = Release|Any CPU
	EndGlobalSection
	GlobalSection(ProjectConfigurationPlatforms) = postSolution
		{AC80E6C0-2B1D-4431-8B47-96F313A53207}.Debug|Any CPU.ActiveCfg = Debug|Any CPU
		{AC80E6C0-2B1D-4431-8B47-96F313A53207}.Debug|Any CPU.Build.0 = Debug|Any CPU
		{AC80E6C0-2B1D-4431-8B47-96F313A53207}.Release|Any CPU.ActiveCfg = Release|Any CPU
		{AC80E6C0-2B1D-4431-8B47-96F313A53207}.Release|Any CPU.Build.0 = Release|Any CPU
		{2180B04E-F038-4475-84FA-AD5FA484BE5A}.Debug|Any CPU.ActiveCfg = Debug|Any CPU
		{2180B04E-F038-4475-84FA-AD5FA484BE5A}.Debug|Any CPU.Build.0 = Debug|Any CPU
		{2180B04E-F038-4475-84FA-AD5FA484BE5A}.Release|Any CPU.ActiveCfg = Release|Any CPU
		{2180B04E-F038-4475-84FA-AD5FA484BE5A}.Release|Any CPU.Build.0 = Release|Any CPU
	EndGlobalSection
	GlobalSection(SolutionProperties) = preSolution
		HideSolutionNode = FALSE
	EndGlobalSection
	GlobalSection(ExtensibilityGlobals) = postSolution
		SolutionGuid = {DCEE1CA4-9BC7-44E6-A5DD-2D37DAA5BC9E}
	EndGlobalSection
EndGlobal
